
Microsoft Visual Studio Solution File, Format Version 12.00
# Visual Studio 15
VisualStudioVersion = 15.0.27703.2035
MinimumVisualStudioVersion = 10.0.40219.1
Project("{FAE04EC0-301F-11D3-BF4B-00C04F79EFBC}") = "PracticaAPI", "PracticaAPI\PracticaAPI.csproj", "{CA6D1D07-0FC2-4E9C-908D-047F1DF5DCD6}"
EndProject
Global
	GlobalSection(SolutionConfigurationPlatforms) = preSolution
		Debug|Any CPU = Debug|Any CPU
		Release|Any CPU = Release|Any CPU
	EndGlobalSection
	GlobalSection(ProjectConfigurationPlatforms) = postSolution
		{CA6D1D07-0FC2-4E9C-908D-047F1DF5DCD6}.Debug|Any CPU.ActiveCfg = Debug|Any CPU
		{CA6D1D07-0FC2-4E9C-908D-047F1DF5DCD6}.Debug|Any CPU.Build.0 = Debug|Any CPU
		{CA6D1D07-0FC2-4E9C-908D-047F1DF5DCD6}.Release|Any CPU.ActiveCfg = Release|Any CPU
		{CA6D1D07-0FC2-4E9C-908D-047F1DF5DCD6}.Release|Any CPU.Build.0 = Release|Any CPU
	EndGlobalSection
	GlobalSection(SolutionProperties) = preSolution
		HideSolutionNode = FALSE
	EndGlobalSection
	GlobalSection(ExtensibilityGlobals) = postSolution
		SolutionGuid = {A7783B3D-7FD9-4A1C-A5FE-24EDDFA58146}
	EndGlobalSection
EndGlobal
